
Microsoft Visual Studio Solution File, Format Version 12.00
# Visual Studio Version 16
VisualStudioVersion = 16.0.30611.23
MinimumVisualStudioVersion = 10.0.40219.1
Project("{9A19103F-16F7-4668-BE54-9A1E7A4F7556}") = "AutomationApp", "AutomationApp\AutomationApp.csproj", "{015EA69D-BE2E-424D-89CB-221DF76C1567}"
EndProject
Project("{9A19103F-16F7-4668-BE54-9A1E7A4F7556}") = "AutomationNodes", "AutomationNodes\AutomationNodes.csproj", "{93024CA6-2086-4FE8-90C6-37DC87005C63}"
EndProject
Project("{9A19103F-16F7-4668-BE54-9A1E7A4F7556}") = "AutomationPlayground", "AutomationPlayground\AutomationPlayground.csproj", "{882EE5EB-26D1-4530-AA1A-B43FE502456B}"
EndProject
Project("{9A19103F-16F7-4668-BE54-9A1E7A4F7556}") = "AutomationNodesTests", "AutomationNodesTests\AutomationNodesTests.csproj", "{8E770853-4087-4EE4-9F23-59474B8ECF92}"
EndProject
Project("{2150E333-8FDC-42A3-9474-1A3956D46DE8}") = "build", "build", "{9F6C3F3E-81CB-40B7-93ED-D1E70255C32C}"
	ProjectSection(SolutionItems) = preProject
		Dockerfile = Dockerfile
		Dockerfile.arm = Dockerfile.arm
		..\README.md = ..\README.md
	EndProjectSection
EndProject
Global
	GlobalSection(SolutionConfigurationPlatforms) = preSolution
		Debug|Any CPU = Debug|Any CPU
		Release|Any CPU = Release|Any CPU
	EndGlobalSection
	GlobalSection(ProjectConfigurationPlatforms) = postSolution
		{015EA69D-BE2E-424D-89CB-221DF76C1567}.Debug|Any CPU.ActiveCfg = Debug|Any CPU
		{015EA69D-BE2E-424D-89CB-221DF76C1567}.Debug|Any CPU.Build.0 = Debug|Any CPU
		{015EA69D-BE2E-424D-89CB-221DF76C1567}.Release|Any CPU.ActiveCfg = Release|Any CPU
		{015EA69D-BE2E-424D-89CB-221DF76C1567}.Release|Any CPU.Build.0 = Release|Any CPU
		{93024CA6-2086-4FE8-90C6-37DC87005C63}.Debug|Any CPU.ActiveCfg = Debug|Any CPU
		{93024CA6-2086-4FE8-90C6-37DC87005C63}.Debug|Any CPU.Build.0 = Debug|Any CPU
		{93024CA6-2086-4FE8-90C6-37DC87005C63}.Release|Any CPU.ActiveCfg = Release|Any CPU
		{93024CA6-2086-4FE8-90C6-37DC87005C63}.Release|Any CPU.Build.0 = Release|Any CPU
		{882EE5EB-26D1-4530-AA1A-B43FE502456B}.Debug|Any CPU.ActiveCfg = Debug|Any CPU
		{882EE5EB-26D1-4530-AA1A-B43FE502456B}.Debug|Any CPU.Build.0 = Debug|Any CPU
		{882EE5EB-26D1-4530-AA1A-B43FE502456B}.Release|Any CPU.ActiveCfg = Release|Any CPU
		{882EE5EB-26D1-4530-AA1A-B43FE502456B}.Release|Any CPU.Build.0 = Release|Any CPU
		{8E770853-4087-4EE4-9F23-59474B8ECF92}.Debug|Any CPU.ActiveCfg = Debug|Any CPU
		{8E770853-4087-4EE4-9F23-59474B8ECF92}.Debug|Any CPU.Build.0 = Debug|Any CPU
		{8E770853-4087-4EE4-9F23-59474B8ECF92}.Release|Any CPU.ActiveCfg = Release|Any CPU
		{8E770853-4087-4EE4-9F23-59474B8ECF92}.Release|Any CPU.Build.0 = Release|Any CPU
	EndGlobalSection
	GlobalSection(SolutionProperties) = preSolution
		HideSolutionNode = FALSE
	EndGlobalSection
	GlobalSection(ExtensibilityGlobals) = postSolution
		SolutionGuid = {82BA67E5-FC30-4F3D-A1EF-93361CAF900B}
	EndGlobalSection
EndGlobal
